
Microsoft Visual Studio Solution File, Format Version 12.00
# Visual Studio 15
VisualStudioVersion = 15.0.28307.1145
MinimumVisualStudioVersion = 10.0.40219.1
Project("{FAE04EC0-301F-11D3-BF4B-00C04F79EFBC}") = "BGS-UserAceesApp", "BGS-UserAceesApp\BGS-UserAceesApp.csproj", "{222C79E9-7ED4-445F-9A86-FE5945990C6F}"
EndProject
Project("{FAE04EC0-301F-11D3-BF4B-00C04F79EFBC}") = "DAL", "DAL\DAL.csproj", "{27233C6D-05E0-4D23-94DA-EC9C7B46934D}"
EndProject
Project("{FAE04EC0-301F-11D3-BF4B-00C04F79EFBC}") = "Services", "Services\Services.csproj", "{1CF4FFE7-1981-46B5-A4A5-69A3BD68D09A}"
EndProject
Global
	GlobalSection(SolutionConfigurationPlatforms) = preSolution
		Debug|Any CPU = Debug|Any CPU
		Release|Any CPU = Release|Any CPU
	EndGlobalSection
	GlobalSection(ProjectConfigurationPlatforms) = postSolution
		{222C79E9-7ED4-445F-9A86-FE5945990C6F}.Debug|Any CPU.ActiveCfg = Debug|Any CPU
		{222C79E9-7ED4-445F-9A86-FE5945990C6F}.Debug|Any CPU.Build.0 = Debug|Any CPU
		{222C79E9-7ED4-445F-9A86-FE5945990C6F}.Release|Any CPU.ActiveCfg = Release|Any CPU
		{222C79E9-7ED4-445F-9A86-FE5945990C6F}.Release|Any CPU.Build.0 = Release|Any CPU
		{27233C6D-05E0-4D23-94DA-EC9C7B46934D}.Debug|Any CPU.ActiveCfg = Debug|Any CPU
		{27233C6D-05E0-4D23-94DA-EC9C7B46934D}.Debug|Any CPU.Build.0 = Debug|Any CPU
		{27233C6D-05E0-4D23-94DA-EC9C7B46934D}.Release|Any CPU.ActiveCfg = Release|Any CPU
		{27233C6D-05E0-4D23-94DA-EC9C7B46934D}.Release|Any CPU.Build.0 = Release|Any CPU
		{1CF4FFE7-1981-46B5-A4A5-69A3BD68D09A}.Debug|Any CPU.ActiveCfg = Debug|Any CPU
		{1CF4FFE7-1981-46B5-A4A5-69A3BD68D09A}.Debug|Any CPU.Build.0 = Debug|Any CPU
		{1CF4FFE7-1981-46B5-A4A5-69A3BD68D09A}.Release|Any CPU.ActiveCfg = Release|Any CPU
		{1CF4FFE7-1981-46B5-A4A5-69A3BD68D09A}.Release|Any CPU.Build.0 = Release|Any CPU
	EndGlobalSection
	GlobalSection(SolutionProperties) = preSolution
		HideSolutionNode = FALSE
	EndGlobalSection
	GlobalSection(ExtensibilityGlobals) = postSolution
		SolutionGuid = {99714901-9F75-4025-B230-BBF2E6D2B929}
	EndGlobalSection
EndGlobal
